
Microsoft Visual Studio Solution File, Format Version 12.00
# Visual Studio Version 16
VisualStudioVersion = 16.6.30114.105
MinimumVisualStudioVersion = 10.0.40219.1
Project("{2150E333-8FDC-42A3-9474-1A3956D46DE8}") = "src", "src", "{10BEA7B5-9BD1-41BF-8F1D-76206BFF4254}"
EndProject
Project("{FAE04EC0-301F-11D3-BF4B-00C04F79EFBC}") = "Plainly", "src\Plainly\Plainly.csproj", "{BA715148-5DC0-4EF7-9C49-7735CC0380D0}"
EndProject
Project("{2150E333-8FDC-42A3-9474-1A3956D46DE8}") = "test", "test", "{25B5D27A-DFDD-4B71-8BF7-56D832D9D558}"
EndProject
Project("{FAE04EC0-301F-11D3-BF4B-00C04F79EFBC}") = "Plainly.Test", "test\Plainly.Test\Plainly.Test.csproj", "{A4C6F9B2-95BB-4CE0-A46B-917D4F7FF56C}"
EndProject
Project("{FAE04EC0-301F-11D3-BF4B-00C04F79EFBC}") = "Plainly.Crosscutting", "src\Plainly.Crosscutting\Plainly.Crosscutting.csproj", "{F4B662FD-6089-4F5C-8511-56B564F25B93}"
EndProject
Project("{FAE04EC0-301F-11D3-BF4B-00C04F79EFBC}") = "Plainly.Domain", "src\Plainly.Domain\Plainly.Domain.csproj", "{24048EEA-5AD9-4DD7-9E35-C177357A2FBD}"
EndProject
Project("{FAE04EC0-301F-11D3-BF4B-00C04F79EFBC}") = "Plainly.Dto", "src\Plainly.Dto\Plainly.Dto.csproj", "{28EEDDF1-3C14-4365-B12E-F126170105B5}"
EndProject
Project("{FAE04EC0-301F-11D3-BF4B-00C04F79EFBC}") = "Plainly.Domain.Services", "src\Plainly.Domain.Services\Plainly.Domain.Services.csproj", "{05512F1B-454D-4710-BD63-CACCFF96D3A9}"
EndProject
Project("{FAE04EC0-301F-11D3-BF4B-00C04F79EFBC}") = "Plainly.Infrastructure", "src\Plainly.Infrastructure\Plainly.Infrastructure.csproj", "{2BDCC178-C5C1-45F0-977F-A4E0602E3E44}"
EndProject
Global
	GlobalSection(SolutionConfigurationPlatforms) = preSolution
		Debug|Any CPU = Debug|Any CPU
		Debug|x64 = Debug|x64
		Debug|x86 = Debug|x86
		Release|Any CPU = Release|Any CPU
		Release|x64 = Release|x64
		Release|x86 = Release|x86
	EndGlobalSection
	GlobalSection(SolutionProperties) = preSolution
		HideSolutionNode = FALSE
	EndGlobalSection
	GlobalSection(ProjectConfigurationPlatforms) = postSolution
		{BA715148-5DC0-4EF7-9C49-7735CC0380D0}.Debug|Any CPU.ActiveCfg = Debug|Any CPU
		{BA715148-5DC0-4EF7-9C49-7735CC0380D0}.Debug|Any CPU.Build.0 = Debug|Any CPU
		{BA715148-5DC0-4EF7-9C49-7735CC0380D0}.Debug|x64.ActiveCfg = Debug|Any CPU
		{BA715148-5DC0-4EF7-9C49-7735CC0380D0}.Debug|x64.Build.0 = Debug|Any CPU
		{BA715148-5DC0-4EF7-9C49-7735CC0380D0}.Debug|x86.ActiveCfg = Debug|Any CPU
		{BA715148-5DC0-4EF7-9C49-7735CC0380D0}.Debug|x86.Build.0 = Debug|Any CPU
		{BA715148-5DC0-4EF7-9C49-7735CC0380D0}.Release|Any CPU.ActiveCfg = Release|Any CPU
		{BA715148-5DC0-4EF7-9C49-7735CC0380D0}.Release|Any CPU.Build.0 = Release|Any CPU
		{BA715148-5DC0-4EF7-9C49-7735CC0380D0}.Release|x64.ActiveCfg = Release|Any CPU
		{BA715148-5DC0-4EF7-9C49-7735CC0380D0}.Release|x64.Build.0 = Release|Any CPU
		{BA715148-5DC0-4EF7-9C49-7735CC0380D0}.Release|x86.ActiveCfg = Release|Any CPU
		{BA715148-5DC0-4EF7-9C49-7735CC0380D0}.Release|x86.Build.0 = Release|Any CPU
		{A4C6F9B2-95BB-4CE0-A46B-917D4F7FF56C}.Debug|Any CPU.ActiveCfg = Debug|Any CPU
		{A4C6F9B2-95BB-4CE0-A46B-917D4F7FF56C}.Debug|Any CPU.Build.0 = Debug|Any CPU
		{A4C6F9B2-95BB-4CE0-A46B-917D4F7FF56C}.Debug|x64.ActiveCfg = Debug|Any CPU
		{A4C6F9B2-95BB-4CE0-A46B-917D4F7FF56C}.Debug|x64.Build.0 = Debug|Any CPU
		{A4C6F9B2-95BB-4CE0-A46B-917D4F7FF56C}.Debug|x86.ActiveCfg = Debug|Any CPU
		{A4C6F9B2-95BB-4CE0-A46B-917D4F7FF56C}.Debug|x86.Build.0 = Debug|Any CPU
		{A4C6F9B2-95BB-4CE0-A46B-917D4F7FF56C}.Release|Any CPU.ActiveCfg = Release|Any CPU
		{A4C6F9B2-95BB-4CE0-A46B-917D4F7FF56C}.Release|Any CPU.Build.0 = Release|Any CPU
		{A4C6F9B2-95BB-4CE0-A46B-917D4F7FF56C}.Release|x64.ActiveCfg = Release|Any CPU
		{A4C6F9B2-95BB-4CE0-A46B-917D4F7FF56C}.Release|x64.Build.0 = Release|Any CPU
		{A4C6F9B2-95BB-4CE0-A46B-917D4F7FF56C}.Release|x86.ActiveCfg = Release|Any CPU
		{A4C6F9B2-95BB-4CE0-A46B-917D4F7FF56C}.Release|x86.Build.0 = Release|Any CPU
		{F4B662FD-6089-4F5C-8511-56B564F25B93}.Debug|Any CPU.ActiveCfg = Debug|Any CPU
		{F4B662FD-6089-4F5C-8511-56B564F25B93}.Debug|Any CPU.Build.0 = Debug|Any CPU
		{F4B662FD-6089-4F5C-8511-56B564F25B93}.Debug|x64.ActiveCfg = Debug|Any CPU
		{F4B662FD-6089-4F5C-8511-56B564F25B93}.Debug|x64.Build.0 = Debug|Any CPU
		{F4B662FD-6089-4F5C-8511-56B564F25B93}.Debug|x86.ActiveCfg = Debug|Any CPU
		{F4B662FD-6089-4F5C-8511-56B564F25B93}.Debug|x86.Build.0 = Debug|Any CPU
		{F4B662FD-6089-4F5C-8511-56B564F25B93}.Release|Any CPU.ActiveCfg = Release|Any CPU
		{F4B662FD-6089-4F5C-8511-56B564F25B93}.Release|Any CPU.Build.0 = Release|Any CPU
		{F4B662FD-6089-4F5C-8511-56B564F25B93}.Release|x64.ActiveCfg = Release|Any CPU
		{F4B662FD-6089-4F5C-8511-56B564F25B93}.Release|x64.Build.0 = Release|Any CPU
		{F4B662FD-6089-4F5C-8511-56B564F25B93}.Release|x86.ActiveCfg = Release|Any CPU
		{F4B662FD-6089-4F5C-8511-56B564F25B93}.Release|x86.Build.0 = Release|Any CPU
		{24048EEA-5AD9-4DD7-9E35-C177357A2FBD}.Debug|Any CPU.ActiveCfg = Debug|Any CPU
		{24048EEA-5AD9-4DD7-9E35-C177357A2FBD}.Debug|Any CPU.Build.0 = Debug|Any CPU
		{24048EEA-5AD9-4DD7-9E35-C177357A2FBD}.Debug|x64.ActiveCfg = Debug|Any CPU
		{24048EEA-5AD9-4DD7-9E35-C177357A2FBD}.Debug|x64.Build.0 = Debug|Any CPU
		{24048EEA-5AD9-4DD7-9E35-C177357A2FBD}.Debug|x86.ActiveCfg = Debug|Any CPU
		{24048EEA-5AD9-4DD7-9E35-C177357A2FBD}.Debug|x86.Build.0 = Debug|Any CPU
		{24048EEA-5AD9-4DD7-9E35-C177357A2FBD}.Release|Any CPU.ActiveCfg = Release|Any CPU
		{24048EEA-5AD9-4DD7-9E35-C177357A2FBD}.Release|Any CPU.Build.0 = Release|Any CPU
		{24048EEA-5AD9-4DD7-9E35-C177357A2FBD}.Release|x64.ActiveCfg = Release|Any CPU
		{24048EEA-5AD9-4DD7-9E35-C177357A2FBD}.Release|x64.Build.0 = Release|Any CPU
		{24048EEA-5AD9-4DD7-9E35-C177357A2FBD}.Release|x86.ActiveCfg = Release|Any CPU
		{24048EEA-5AD9-4DD7-9E35-C177357A2FBD}.Release|x86.Build.0 = Release|Any CPU
		{28EEDDF1-3C14-4365-B12E-F126170105B5}.Debug|Any CPU.ActiveCfg = Debug|Any CPU
		{28EEDDF1-3C14-4365-B12E-F126170105B5}.Debug|Any CPU.Build.0 = Debug|Any CPU
		{28EEDDF1-3C14-4365-B12E-F126170105B5}.Debug|x64.ActiveCfg = Debug|Any CPU
		{28EEDDF1-3C14-4365-B12E-F126170105B5}.Debug|x64.Build.0 = Debug|Any CPU
		{28EEDDF1-3C14-4365-B12E-F126170105B5}.Debug|x86.ActiveCfg = Debug|Any CPU
		{28EEDDF1-3C14-4365-B12E-F126170105B5}.Debug|x86.Build.0 = Debug|Any CPU
		{28EEDDF1-3C14-4365-B12E-F126170105B5}.Release|Any CPU.ActiveCfg = Release|Any CPU
		{28EEDDF1-3C14-4365-B12E-F126170105B5}.Release|Any CPU.Build.0 = Release|Any CPU
		{28EEDDF1-3C14-4365-B12E-F126170105B5}.Release|x64.ActiveCfg = Release|Any CPU
		{28EEDDF1-3C14-4365-B12E-F126170105B5}.Release|x64.Build.0 = Release|Any CPU
		{28EEDDF1-3C14-4365-B12E-F126170105B5}.Release|x86.ActiveCfg = Release|Any CPU
		{28EEDDF1-3C14-4365-B12E-F126170105B5}.Release|x86.Build.0 = Release|Any CPU
		{05512F1B-454D-4710-BD63-CACCFF96D3A9}.Debug|Any CPU.ActiveCfg = Debug|Any CPU
		{05512F1B-454D-4710-BD63-CACCFF96D3A9}.Debug|Any CPU.Build.0 = Debug|Any CPU
		{05512F1B-454D-4710-BD63-CACCFF96D3A9}.Debug|x64.ActiveCfg = Debug|Any CPU
		{05512F1B-454D-4710-BD63-CACCFF96D3A9}.Debug|x64.Build.0 = Debug|Any CPU
		{05512F1B-454D-4710-BD63-CACCFF96D3A9}.Debug|x86.ActiveCfg = Debug|Any CPU
		{05512F1B-454D-4710-BD63-CACCFF96D3A9}.Debug|x86.Build.0 = Debug|Any CPU
		{05512F1B-454D-4710-BD63-CACCFF96D3A9}.Release|Any CPU.ActiveCfg = Release|Any CPU
		{05512F1B-454D-4710-BD63-CACCFF96D3A9}.Release|Any CPU.Build.0 = Release|Any CPU
		{05512F1B-454D-4710-BD63-CACCFF96D3A9}.Release|x64.ActiveCfg = Release|Any CPU
		{05512F1B-454D-4710-BD63-CACCFF96D3A9}.Release|x64.Build.0 = Release|Any CPU
		{05512F1B-454D-4710-BD63-CACCFF96D3A9}.Release|x86.ActiveCfg = Release|Any CPU
		{05512F1B-454D-4710-BD63-CACCFF96D3A9}.Release|x86.Build.0 = Release|Any CPU
		{2BDCC178-C5C1-45F0-977F-A4E0602E3E44}.Debug|Any CPU.ActiveCfg = Debug|Any CPU
		{2BDCC178-C5C1-45F0-977F-A4E0602E3E44}.Debug|Any CPU.Build.0 = Debug|Any CPU
		{2BDCC178-C5C1-45F0-977F-A4E0602E3E44}.Debug|x64.ActiveCfg = Debug|Any CPU
		{2BDCC178-C5C1-45F0-977F-A4E0602E3E44}.Debug|x64.Build.0 = Debug|Any CPU
		{2BDCC178-C5C1-45F0-977F-A4E0602E3E44}.Debug|x86.ActiveCfg = Debug|Any CPU
		{2BDCC178-C5C1-45F0-977F-A4E0602E3E44}.Debug|x86.Build.0 = Debug|Any CPU
		{2BDCC178-C5C1-45F0-977F-A4E0602E3E44}.Release|Any CPU.ActiveCfg = Release|Any CPU
		{2BDCC178-C5C1-45F0-977F-A4E0602E3E44}.Release|Any CPU.Build.0 = Release|Any CPU
		{2BDCC178-C5C1-45F0-977F-A4E0602E3E44}.Release|x64.ActiveCfg = Release|Any CPU
		{2BDCC178-C5C1-45F0-977F-A4E0602E3E44}.Release|x64.Build.0 = Release|Any CPU
		{2BDCC178-C5C1-45F0-977F-A4E0602E3E44}.Release|x86.ActiveCfg = Release|Any CPU
		{2BDCC178-C5C1-45F0-977F-A4E0602E3E44}.Release|x86.Build.0 = Release|Any CPU
	EndGlobalSection
	GlobalSection(NestedProjects) = preSolution
		{BA715148-5DC0-4EF7-9C49-7735CC0380D0} = {10BEA7B5-9BD1-41BF-8F1D-76206BFF4254}
		{A4C6F9B2-95BB-4CE0-A46B-917D4F7FF56C} = {25B5D27A-DFDD-4B71-8BF7-56D832D9D558}
		{F4B662FD-6089-4F5C-8511-56B564F25B93} = {10BEA7B5-9BD1-41BF-8F1D-76206BFF4254}
		{24048EEA-5AD9-4DD7-9E35-C177357A2FBD} = {10BEA7B5-9BD1-41BF-8F1D-76206BFF4254}
		{28EEDDF1-3C14-4365-B12E-F126170105B5} = {10BEA7B5-9BD1-41BF-8F1D-76206BFF4254}
		{05512F1B-454D-4710-BD63-CACCFF96D3A9} = {10BEA7B5-9BD1-41BF-8F1D-76206BFF4254}
		{2BDCC178-C5C1-45F0-977F-A4E0602E3E44} = {10BEA7B5-9BD1-41BF-8F1D-76206BFF4254}
	EndGlobalSection
EndGlobal
